Microsoft Visual Studio Solution File, Format Version 12.00
# Visual Studio Version 18
VisualStudioVersion = 18.3.11222.16 d18.3
MinimumVisualStudioVersion = 10.0.40219.1
Project("{FAE04EC0-301F-11D3-BF4B-00C04F79EFBC}") = "SIMS_FPT", "SIMS_FPT.csproj", "{5F96D62A-40F3-89D5-A599-AE842BD00DB0}"
EndProject
Global
	GlobalSection(SolutionConfigurationPlatforms) = preSolution
		Debug|Any CPU = Debug|Any CPU
		Release|Any CPU = Release|Any CPU
	EndGlobalSection
	GlobalSection(ProjectConfigurationPlatforms) = postSolution
		{5F96D62A-40F3-89D5-A599-AE842BD00DB0}.Debug|Any CPU.ActiveCfg = Debug|Any CPU
		{5F96D62A-40F3-89D5-A599-AE842BD00DB0}.Debug|Any CPU.Build.0 = Debug|Any CPU
		{5F96D62A-40F3-89D5-A599-AE842BD00DB0}.Release|Any CPU.ActiveCfg = Release|Any CPU
		{5F96D62A-40F3-89D5-A599-AE842BD00DB0}.Release|Any CPU.Build.0 = Release|Any CPU
	EndGlobalSection
	GlobalSection(SolutionProperties) = preSolution
		HideSolutionNode = FALSE
	EndGlobalSection
	GlobalSection(ExtensibilityGlobals) = postSolution
		SolutionGuid = {9A4196CF-8B0B-40CC-AE6A-5DD3B3A366C2}
	EndGlobalSection
EndGlobal
